
Microsoft Visual Studio Solution File, Format Version 12.00
# Visual Studio 15
VisualStudioVersion = 15.0.28010.2041
MinimumVisualStudioVersion = 10.0.40219.1
Project("{FAE04EC0-301F-11D3-BF4B-00C04F79EFBC}") = "Server", "src\Server\Server.csproj", "{617CE2BD-A5EB-4E24-ABC3-DEA488E89A42}"
EndProject
Project("{FAE04EC0-301F-11D3-BF4B-00C04F79EFBC}") = "Shared", "src\Shared\Shared.csproj", "{99359531-4280-436A-8CE6-8508E17D4FC8}"
EndProject
Global
	GlobalSection(SolutionConfigurationPlatforms) = preSolution
		Debug|Any CPU = Debug|Any CPU
		Release|Any CPU = Release|Any CPU
	EndGlobalSection
	GlobalSection(ProjectConfigurationPlatforms) = postSolution
		{617CE2BD-A5EB-4E24-ABC3-DEA488E89A42}.Debug|Any CPU.ActiveCfg = Debug|Any CPU
		{617CE2BD-A5EB-4E24-ABC3-DEA488E89A42}.Debug|Any CPU.Build.0 = Debug|Any CPU
		{617CE2BD-A5EB-4E24-ABC3-DEA488E89A42}.Release|Any CPU.ActiveCfg = Release|Any CPU
		{617CE2BD-A5EB-4E24-ABC3-DEA488E89A42}.Release|Any CPU.Build.0 = Release|Any CPU
		{99359531-4280-436A-8CE6-8508E17D4FC8}.Debug|Any CPU.ActiveCfg = Debug|Any CPU
		{99359531-4280-436A-8CE6-8508E17D4FC8}.Debug|Any CPU.Build.0 = Debug|Any CPU
		{99359531-4280-436A-8CE6-8508E17D4FC8}.Release|Any CPU.ActiveCfg = Release|Any CPU
		{99359531-4280-436A-8CE6-8508E17D4FC8}.Release|Any CPU.Build.0 = Release|Any CPU
	EndGlobalSection
	GlobalSection(SolutionProperties) = preSolution
		HideSolutionNode = FALSE
	EndGlobalSection
	GlobalSection(ExtensibilityGlobals) = postSolution
		SolutionGuid = {4EB299CF-4774-4100-AC5C-36C4C9ADDB4C}
	EndGlobalSection
EndGlobal
